{
  "version": "3",
  "packages": {
    "specifiers": {
      "npm:@actions/core@1.10.1": "npm:@actions/core@1.10.1",
      "npm:zx@8.1.2": "npm:zx@8.1.2"
    },
    "npm": {
      "@actions/core@1.10.1": {
        "integrity": "sha512-3lBR9EDAY+iYIpTnTIXmWcNbX3T2kCkAEQGIQx4NVQ0575nk2k3GRZDTPQG+vVtS2izSLmINlxXf0uLtnrTP+g==",
        "dependencies": {
          "@actions/http-client": "@actions/http-client@2.2.1",
          "uuid": "uuid@8.3.2"
        }
      },
      "@actions/http-client@2.2.1": {
        "integrity": "sha512-KhC/cZsq7f8I4LfZSJKgCvEwfkE8o1538VoBeoGzokVLLnbFDEAdFD3UhoMklxo2un9NJVBdANOresx7vTHlHw==",
        "dependencies": {
          "tunnel": "tunnel@0.0.6",
          "undici": "undici@5.28.4"
        }
      },
      "@fastify/busboy@2.1.1": {
        "integrity": "sha512-vBZP4NlzfOlerQTnba4aqZoMhE/a9HY7HRqoOPaETQcSQuWEIyZMHGfVu6w9wGtGK5fED5qRs2DteVCjOH60sA==",
        "dependencies": {}
      },
      "@types/fs-extra@11.0.4": {
        "integrity": "sha512-yTbItCNreRooED33qjunPthRcSjERP1r4MqCZc7wv0u2sUkzTFp45tgUfS5+r7FrZPdmCCNflLhVSP/o+SemsQ==",
        "dependencies": {
          "@types/jsonfile": "@types/jsonfile@6.1.4",
          "@types/node": "@types/node@18.16.19"
        }
      },
      "@types/jsonfile@6.1.4": {
        "integrity": "sha512-D5qGUYwjvnNNextdU59/+fI+spnwtTFmyQP0h+PfIOSkNfpU6AOICUOkm4i0OnSk+NyjdPJrxCDro0sJsWlRpQ==",
        "dependencies": {
          "@types/node": "@types/node@18.16.19"
        }
      },
      "@types/node@18.16.19": {
        "integrity": "sha512-IXl7o+R9iti9eBW4Wg2hx1xQDig183jj7YLn8F7udNceyfkbn1ZxmzZXuak20gR40D7pIkIY1kYGx5VIGbaHKA==",
        "dependencies": {}
      },
      "@types/node@20.14.2": {
        "integrity": "sha512-xyu6WAMVwv6AKFLB+e/7ySZVr/0zLCzOa7rSpq6jNwpqOrUbcACDWC+53d4n2QHOnDou0fbIsg8wZu/sxrnI4Q==",
        "dependencies": {
          "undici-types": "undici-types@5.26.5"
        }
      },
      "tunnel@0.0.6": {
        "integrity": "sha512-1h/Lnq9yajKY2PEbBadPXj3VxsDDu844OnaAo52UVmIzIvwwtBPIuNvkjuzBlTWpfJyUbG3ez0KSBibQkj4ojg==",
        "dependencies": {}
      },
      "undici-types@5.26.5": {
        "integrity": "sha512-JlCMO+ehdEIKqlFxk6IfVoAUVmgz7cU7zD/h9XZ0qzeosSHmUJVOzSQvvYSYWXkFXC+IfLKSIffhv0sVZup6pA==",
        "dependencies": {}
      },
      "undici@5.28.4": {
        "integrity": "sha512-72RFADWFqKmUb2hmmvNODKL3p9hcB6Gt2DOQMis1SEBaV6a4MH8soBvzg+95CYhCKPFedut2JY9bMfrDl9D23g==",
        "dependencies": {
          "@fastify/busboy": "@fastify/busboy@2.1.1"
        }
      },
      "uuid@8.3.2": {
        "integrity": "sha512-+NYs2QeMWy+GWFOEm9xnn6HCDp0l7QBD7ml8zLUmJ+93Q5NF0NocErnwkTkXVFNiX3/fpC6afS8Dhb/gz7R7eg==",
        "dependencies": {}
      },
      "zx@8.1.2": {
        "integrity": "sha512-zkCiXKh8D/eo6r58OmJvO5mc2NthcSRvysb3fuS6VQlHPbEPBcxduRwM3m6ZfHj+7cLHcrahCnuO2TDAbW+6xw==",
        "dependencies": {
          "@types/fs-extra": "@types/fs-extra@11.0.4",
          "@types/node": "@types/node@20.14.2"
        }
      }
    }
  },
  "remote": {}
}
